
Microsoft Visual Studio Solution File, Format Version 12.00
# Visual Studio 2013
VisualStudioVersion = 12.0.21005.1
MinimumVisualStudioVersion = 10.0.40219.1
Project("{FAE04EC0-301F-11D3-BF4B-00C04F79EFBC}") = "rwresources", "rwresources\rwresources.csproj", "{3A918313-9408-449D-ACD3-F38D448C718D}"
EndProject
Project("{2150E333-8FDC-42A3-9474-1A3956D46DE8}") = "PublishScripts", "PublishScripts", "{B9C458AC-42D5-4972-899D-2699A5C932BD}"
	ProjectSection(SolutionItems) = preProject
		PublishScripts\AzureWebAppPublishModule.psm1 = PublishScripts\AzureWebAppPublishModule.psm1
		PublishScripts\Publish-WebApplication.ps1 = PublishScripts\Publish-WebApplication.ps1
	EndProjectSection
EndProject
Project("{2150E333-8FDC-42A3-9474-1A3956D46DE8}") = "Configurations", "Configurations", "{AF54E16E-C088-411E-810E-2A6269A5064F}"
	ProjectSection(SolutionItems) = preProject
		PublishScripts\Configurations\rwresources-WAWS-dev.json = PublishScripts\Configurations\rwresources-WAWS-dev.json
	EndProjectSection
EndProject
Global
	GlobalSection(SolutionConfigurationPlatforms) = preSolution
		Debug|Any CPU = Debug|Any CPU
		Release|Any CPU = Release|Any CPU
	EndGlobalSection
	GlobalSection(ProjectConfigurationPlatforms) = postSolution
		{3A918313-9408-449D-ACD3-F38D448C718D}.Debug|Any CPU.ActiveCfg = Debug|Any CPU
		{3A918313-9408-449D-ACD3-F38D448C718D}.Debug|Any CPU.Build.0 = Debug|Any CPU
		{3A918313-9408-449D-ACD3-F38D448C718D}.Release|Any CPU.ActiveCfg = Release|Any CPU
		{3A918313-9408-449D-ACD3-F38D448C718D}.Release|Any CPU.Build.0 = Release|Any CPU
	EndGlobalSection
	GlobalSection(SolutionProperties) = preSolution
		HideSolutionNode = FALSE
	EndGlobalSection
	GlobalSection(NestedProjects) = preSolution
		{AF54E16E-C088-411E-810E-2A6269A5064F} = {B9C458AC-42D5-4972-899D-2699A5C932BD}
	EndGlobalSection
EndGlobal
